
Microsoft Visual Studio Solution File, Format Version 12.00
# Visual Studio Version 17
VisualStudioVersion = 17.11.35327.3
MinimumVisualStudioVersion = 10.0.40219.1
Project("{FAE04EC0-301F-11D3-BF4B-00C04F79EFBC}") = "OOPS ASSIGNMENT4 abstract, partial, interface", "OOPS ASSIGNMENT4 abstract, partial, interface\OOPS ASSIGNMENT4 abstract, partial, interface.csproj", "{685EB009-8471-450C-A158-97A6CC86AE2A}"
EndProject
Global
	GlobalSection(SolutionConfigurationPlatforms) = preSolution
		Debug|Any CPU = Debug|Any CPU
		Release|Any CPU = Release|Any CPU
	EndGlobalSection
	GlobalSection(ProjectConfigurationPlatforms) = postSolution
		{685EB009-8471-450C-A158-97A6CC86AE2A}.Debug|Any CPU.ActiveCfg = Debug|Any CPU
		{685EB009-8471-450C-A158-97A6CC86AE2A}.Debug|Any CPU.Build.0 = Debug|Any CPU
		{685EB009-8471-450C-A158-97A6CC86AE2A}.Release|Any CPU.ActiveCfg = Release|Any CPU
		{685EB009-8471-450C-A158-97A6CC86AE2A}.Release|Any CPU.Build.0 = Release|Any CPU
	EndGlobalSection
	GlobalSection(SolutionProperties) = preSolution
		HideSolutionNode = FALSE
	EndGlobalSection
	GlobalSection(ExtensibilityGlobals) = postSolution
		SolutionGuid = {DB664CE9-941C-4F57-ACF8-2A9D5677C7B0}
	EndGlobalSection
EndGlobal
