
Microsoft Visual Studio Solution File, Format Version 12.00
# Visual Studio Version 17
VisualStudioVersion = 17.11.35327.3
MinimumVisualStudioVersion = 10.0.40219.1
Project("{FAE04EC0-301F-11D3-BF4B-00C04F79EFBC}") = "OOPS Assignment8", "OOPS Assignment8\OOPS Assignment8.csproj", "{422ABE7F-4B83-4E9A-A94A-433A433A5DA9}"
EndProject
Global
	GlobalSection(SolutionConfigurationPlatforms) = preSolution
		Debug|Any CPU = Debug|Any CPU
		Release|Any CPU = Release|Any CPU
	EndGlobalSection
	GlobalSection(ProjectConfigurationPlatforms) = postSolution
		{422ABE7F-4B83-4E9A-A94A-433A433A5DA9}.Debug|Any CPU.ActiveCfg = Debug|Any CPU
		{422ABE7F-4B83-4E9A-A94A-433A433A5DA9}.Debug|Any CPU.Build.0 = Debug|Any CPU
		{422ABE7F-4B83-4E9A-A94A-433A433A5DA9}.Release|Any CPU.ActiveCfg = Release|Any CPU
		{422ABE7F-4B83-4E9A-A94A-433A433A5DA9}.Release|Any CPU.Build.0 = Release|Any CPU
	EndGlobalSection
	GlobalSection(SolutionProperties) = preSolution
		HideSolutionNode = FALSE
	EndGlobalSection
	GlobalSection(ExtensibilityGlobals) = postSolution
		SolutionGuid = {44BA4A59-1E19-4867-9B70-B0C6822E2F4B}
	EndGlobalSection
EndGlobal
